// !$*UTF8*$!
{
	archiveVersion = 1;
	classes = {
	};
	objectVersion = 46;
	objects = {

/* Begin PBXBuildFile section */
		940CE7F715F261A6000140FB /* UIKit.framework in Frameworks */ = {isa = PBXBuildFile; fileRef = 940CE7F615F261A6000140FB /* UIKit.framework */; };
		940CE7F915F261A6000140FB /* Foundation.framework in Frameworks */ = {isa = PBXBuildFile; fileRef = 940CE7F815F261A6000140FB /* Foundation.framework */; };
		940CE7FB15F261A6000140FB /* CoreGraphics.framework in Frameworks */ = {isa = PBXBuildFile; fileRef = 940CE7FA15F261A6000140FB /* CoreGraphics.framework */; };
		940CE80115F261A7000140FB /* InfoPlist.strings in Resources */ = {isa = PBXBuildFile; fileRef = 940CE7FF15F261A7000140FB /* InfoPlist.strings */; };
		940CE80315F261A7000140FB /* main.m in Sources */ = {isa = PBXBuildFile; fileRef = 940CE80215F261A7000140FB /* main.m */; };
		940CE80F15F2641C000140FB /* SPAppDelegate.m in Sources */ = {isa = PBXBuildFile; fileRef = 940CE80E15F2641C000140FB /* SPAppDelegate.m */; };
		940CE81215F2642F000140FB /* navbar-bg@2x.png in Resources */ = {isa = PBXBuildFile; fileRef = 940CE81115F2642F000140FB /* navbar-bg@2x.png */; };
		940CE81515F26535000140FB /* Knockout-50.otf in Resources */ = {isa = PBXBuildFile; fileRef = 940CE81415F26535000140FB /* Knockout-50.otf */; };
		940CE81C15F2671B000140FB /* SPFeedViewController.m in Sources */ = {isa = PBXBuildFile; fileRef = 940CE81B15F2671B000140FB /* SPFeedViewController.m */; };
		940CE81F15F267D2000140FB /* SPViewController.m in Sources */ = {isa = PBXBuildFile; fileRef = 940CE81E15F267D2000140FB /* SPViewController.m */; };
		940CE82215F26AF7000140FB /* NSURL+AppDotNet.m in Sources */ = {isa = PBXBuildFile; fileRef = 940CE82115F26AF7000140FB /* NSURL+AppDotNet.m */; };
		940CE82515F26D93000140FB /* JSONKit.m in Sources */ = {isa = PBXBuildFile; fileRef = 940CE82415F26D93000140FB /* JSONKit.m */; settings = {COMPILER_FLAGS = "-fno-objc-arc"; }; };
		940CE82815F27014000140FB /* SPPost.m in Sources */ = {isa = PBXBuildFile; fileRef = 940CE82715F27014000140FB /* SPPost.m */; };
		940CE82B15F2721B000140FB /* NSDictionary+Safe.m in Sources */ = {isa = PBXBuildFile; fileRef = 940CE82A15F2721B000140FB /* NSDictionary+Safe.m */; };
		940CE82E15F274E5000140FB /* SPUser.m in Sources */ = {isa = PBXBuildFile; fileRef = 940CE82D15F274E5000140FB /* SPUser.m */; };
		940CE83115F2784F000140FB /* NSDate+AppDotNet.m in Sources */ = {isa = PBXBuildFile; fileRef = 940CE83015F2784F000140FB /* NSDate+AppDotNet.m */; };
		940CE83415F27C09000140FB /* SPFeedPostTableViewCell.m in Sources */ = {isa = PBXBuildFile; fileRef = 940CE83315F27C08000140FB /* SPFeedPostTableViewCell.m */; };
		940CE83715F27DCD000140FB /* SPImageView.m in Sources */ = {isa = PBXBuildFile; fileRef = 940CE83615F27DCD000140FB /* SPImageView.m */; };
		940CE83A15F27F1A000140FB /* UIImage+Decode.m in Sources */ = {isa = PBXBuildFile; fileRef = 940CE83915F27F19000140FB /* UIImage+Decode.m */; };
		940CE83D15F28029000140FB /* SPImageLoadQueue.m in Sources */ = {isa = PBXBuildFile; fileRef = 940CE83C15F28028000140FB /* SPImageLoadQueue.m */; };
		940CE84015F2803B000140FB /* SPImageDecodeQueue.m in Sources */ = {isa = PBXBuildFile; fileRef = 940CE83F15F2803A000140FB /* SPImageDecodeQueue.m */; };
		940CE84315F28054000140FB /* SPNetworkQueue.m in Sources */ = {isa = PBXBuildFile; fileRef = 940CE84215F28053000140FB /* SPNetworkQueue.m */; };
		940CE84D15F28C1F000140FB /* CoreText.framework in Frameworks */ = {isa = PBXBuildFile; fileRef = 940CE84C15F28C1E000140FB /* CoreText.framework */; };
		940CE85615F2B5E8000140FB /* avatar-overlay@2x.png in Resources */ = {isa = PBXBuildFile; fileRef = 940CE85515F2B5E8000140FB /* avatar-overlay@2x.png */; };
		940CE85915F2BC5B000140FB /* SPCoreTextView.m in Sources */ = {isa = PBXBuildFile; fileRef = 940CE85815F2BC5B000140FB /* SPCoreTextView.m */; };
		942709FD15F4571A00CA6CF7 /* NSURL+Spruce.m in Sources */ = {isa = PBXBuildFile; fileRef = 942709FC15F4571A00CA6CF7 /* NSURL+Spruce.m */; };
		947B2A2E15F300EE00E53429 /* UIView+Framing.m in Sources */ = {isa = PBXBuildFile; fileRef = 947B2A2D15F300EE00E53429 /* UIView+Framing.m */; };
		947B2A3515F31D6000E53429 /* SPWebViewController.m in Sources */ = {isa = PBXBuildFile; fileRef = 947B2A3415F31D6000E53429 /* SPWebViewController.m */; };
		947B2A3815F325FC00E53429 /* SPLinkedEntity.m in Sources */ = {isa = PBXBuildFile; fileRef = 947B2A3715F325FC00E53429 /* SPLinkedEntity.m */; };
		947B2A3B15F3323B00E53429 /* SPDecodedImageCache.m in Sources */ = {isa = PBXBuildFile; fileRef = 947B2A3A15F3323B00E53429 /* SPDecodedImageCache.m */; };
		947B2A3E15F3359C00E53429 /* SPUserViewController.m in Sources */ = {isa = PBXBuildFile; fileRef = 947B2A3D15F3359C00E53429 /* SPUserViewController.m */; };
		947B2A4115F337C700E53429 /* SPAvatarView.m in Sources */ = {isa = PBXBuildFile; fileRef = 947B2A4015F337C700E53429 /* SPAvatarView.m */; };
		947B2A4415F3AC2900E53429 /* bar-button-back@2x.png in Resources */ = {isa = PBXBuildFile; fileRef = 947B2A4215F3AC2900E53429 /* bar-button-back@2x.png */; };
		947B2A4515F3AC2900E53429 /* bar-button-default@2x.png in Resources */ = {isa = PBXBuildFile; fileRef = 947B2A4315F3AC2900E53429 /* bar-button-default@2x.png */; };
		947B2A4815F3B15600E53429 /* bar-glyph-feed@2x.png in Resources */ = {isa = PBXBuildFile; fileRef = 947B2A4615F3B15600E53429 /* bar-glyph-feed@2x.png */; };
		947B2A4B15F3B83D00E53429 /* bar-glyph-plus@2x.png in Resources */ = {isa = PBXBuildFile; fileRef = 947B2A4A15F3B83D00E53429 /* bar-glyph-plus@2x.png */; };
		947B2A4E15F3B88500E53429 /* UIBarButtonItem+Quick.m in Sources */ = {isa = PBXBuildFile; fileRef = 947B2A4D15F3B88500E53429 /* UIBarButtonItem+Quick.m */; };
		947B2A5115F3BBEB00E53429 /* SPComposeViewController.m in Sources */ = {isa = PBXBuildFile; fileRef = 947B2A5015F3BBEB00E53429 /* SPComposeViewController.m */; };
		947B2A5415F3DC8000E53429 /* SPPullToRefreshView.m in Sources */ = {isa = PBXBuildFile; fileRef = 947B2A5315F3DC7F00E53429 /* SPPullToRefreshView.m */; };
		947B2A5615F3E2F300E53429 /* QuartzCore.framework in Frameworks */ = {isa = PBXBuildFile; fileRef = 947B2A5515F3E2F300E53429 /* QuartzCore.framework */; };
		947B2A6715F43B4900E53429 /* NSMutableAttributedString+Attributes.m in Sources */ = {isa = PBXBuildFile; fileRef = 947B2A6615F43B4900E53429 /* NSMutableAttributedString+Attributes.m */; };
		947B2A6B15F441BD00E53429 /* NSMutableAttributedString+Spruce.m in Sources */ = {isa = PBXBuildFile; fileRef = 947B2A6A15F441BD00E53429 /* NSMutableAttributedString+Spruce.m */; };
/* End PBXBuildFile section */

/* Begin PBXFileReference section */
		940CE7F215F261A6000140FB /* Spruce.app */ = {isa = PBXFileReference; explicitFileType = wrapper.application; includeInIndex = 0; path = Spruce.app; sourceTree = BUILT_PRODUCTS_DIR; };
		940CE7F615F261A6000140FB /* UIKit.framework */ = {isa = PBXFileReference; lastKnownFileType = wrapper.framework; name = UIKit.framework; path = System/Library/Frameworks/UIKit.framework; sourceTree = SDKROOT; };
		940CE7F815F261A6000140FB /* Foundation.framework */ = {isa = PBXFileReference; lastKnownFileType = wrapper.framework; name = Foundation.framework; path = System/Library/Frameworks/Foundation.framework; sourceTree = SDKROOT; };
		940CE7FA15F261A6000140FB /* CoreGraphics.framework */ = {isa = PBXFileReference; lastKnownFileType = wrapper.framework; name = CoreGraphics.framework; path = System/Library/Frameworks/CoreGraphics.framework; sourceTree = SDKROOT; };
		940CE7FE15F261A7000140FB /* Spruce-Info.plist */ = {isa = PBXFileReference; lastKnownFileType = text.plist.xml; path = "Spruce-Info.plist"; sourceTree = "<group>"; };
		940CE80015F261A7000140FB /* en */ = {isa = PBXFileReference; lastKnownFileType = text.plist.strings; name = en; path = en.lproj/InfoPlist.strings; sourceTree = "<group>"; };
		940CE80215F261A7000140FB /* main.m */ = {isa = PBXFileReference; lastKnownFileType = sourcecode.c.objc; path = main.m; sourceTree = "<group>"; };
		940CE80415F261A7000140FB /* Spruce-Prefix.pch */ = {isa = PBXFileReference; lastKnownFileType = sourcecode.c.h; path = "Spruce-Prefix.pch"; sourceTree = "<group>"; };
		940CE80D15F2641C000140FB /* SPAppDelegate.h */ = {isa = PBXFileReference; fileEncoding = 4; lastKnownFileType = sourcecode.c.h; name = SPAppDelegate.h; path = Classes/SPAppDelegate.h; sourceTree = "<group>"; };
		940CE80E15F2641C000140FB /* SPAppDelegate.m */ = {isa = PBXFileReference; fileEncoding = 4; lastKnownFileType = sourcecode.c.objc; name = SPAppDelegate.m; path = Classes/SPAppDelegate.m; sourceTree = "<group>"; };
		940CE81115F2642F000140FB /* navbar-bg@2x.png */ = {isa = PBXFileReference; lastKnownFileType = image.png; path = "navbar-bg@2x.png"; sourceTree = "<group>"; };
		940CE81415F26535000140FB /* Knockout-50.otf */ = {isa = PBXFileReference; lastKnownFileType = file; path = "Knockout-50.otf"; sourceTree = "<group>"; };
		940CE81A15F2671B000140FB /* SPFeedViewController.h */ = {isa = PBXFileReference; fileEncoding = 4; lastKnownFileType = sourcecode.c.h; name = SPFeedViewController.h; path = Classes/SPFeedViewController.h; sourceTree = "<group>"; };
		940CE81B15F2671B000140FB /* SPFeedViewController.m */ = {isa = PBXFileReference; fileEncoding = 4; lastKnownFileType = sourcecode.c.objc; name = SPFeedViewController.m; path = Classes/SPFeedViewController.m; sourceTree = "<group>"; };
		940CE81D15F267D2000140FB /* SPViewController.h */ = {isa = PBXFileReference; fileEncoding = 4; lastKnownFileType = sourcecode.c.h; name = SPViewController.h; path = Classes/SPViewController.h; sourceTree = "<group>"; };
		940CE81E15F267D2000140FB /* SPViewController.m */ = {isa = PBXFileReference; fileEncoding = 4; lastKnownFileType = sourcecode.c.objc; name = SPViewController.m; path = Classes/SPViewController.m; sourceTree = "<group>"; };
		940CE82015F26AF7000140FB /* NSURL+AppDotNet.h */ = {isa = PBXFileReference; fileEncoding = 4; lastKnownFileType = sourcecode.c.h; name = "NSURL+AppDotNet.h"; path = "Classes/NSURL+AppDotNet.h"; sourceTree = "<group>"; };
		940CE82115F26AF7000140FB /* NSURL+AppDotNet.m */ = {isa = PBXFileReference; fileEncoding = 4; lastKnownFileType = sourcecode.c.objc; name = "NSURL+AppDotNet.m"; path = "Classes/NSURL+AppDotNet.m"; sourceTree = "<group>"; };
		940CE82315F26D92000140FB /* JSONKit.h */ = {isa = PBXFileReference; fileEncoding = 4; lastKnownFileType = sourcecode.c.h; name = JSONKit.h; path = Classes/JSONKit.h; sourceTree = "<group>"; };
		940CE82415F26D93000140FB /* JSONKit.m */ = {isa = PBXFileReference; fileEncoding = 4; lastKnownFileType = sourcecode.c.objc; name = JSONKit.m; path = Classes/JSONKit.m; sourceTree = "<group>"; };
		940CE82615F27014000140FB /* SPPost.h */ = {isa = PBXFileReference; fileEncoding = 4; lastKnownFileType = sourcecode.c.h; name = SPPost.h; path = Classes/SPPost.h; sourceTree = "<group>"; };
		940CE82715F27014000140FB /* SPPost.m */ = {isa = PBXFileReference; fileEncoding = 4; lastKnownFileType = sourcecode.c.objc; name = SPPost.m; path = Classes/SPPost.m; sourceTree = "<group>"; };
		940CE82915F2721B000140FB /* NSDictionary+Safe.h */ = {isa = PBXFileReference; fileEncoding = 4; lastKnownFileType = sourcecode.c.h; name = "NSDictionary+Safe.h"; path = "Classes/NSDictionary+Safe.h"; sourceTree = "<group>"; };
		940CE82A15F2721B000140FB /* NSDictionary+Safe.m */ = {isa = PBXFileReference; fileEncoding = 4; lastKnownFileType = sourcecode.c.objc; name = "NSDictionary+Safe.m"; path = "Classes/NSDictionary+Safe.m"; sourceTree = "<group>"; };
		940CE82C15F274E5000140FB /* SPUser.h */ = {isa = PBXFileReference; fileEncoding = 4; lastKnownFileType = sourcecode.c.h; name = SPUser.h; path = Classes/SPUser.h; sourceTree = "<group>"; };
		940CE82D15F274E5000140FB /* SPUser.m */ = {isa = PBXFileReference; fileEncoding = 4; lastKnownFileType = sourcecode.c.objc; name = SPUser.m; path = Classes/SPUser.m; sourceTree = "<group>"; };
		940CE82F15F2784F000140FB /* NSDate+AppDotNet.h */ = {isa = PBXFileReference; fileEncoding = 4; lastKnownFileType = sourcecode.c.h; name = "NSDate+AppDotNet.h"; path = "Classes/NSDate+AppDotNet.h"; sourceTree = "<group>"; };
		940CE83015F2784F000140FB /* NSDate+AppDotNet.m */ = {isa = PBXFileReference; fileEncoding = 4; lastKnownFileType = sourcecode.c.objc; name = "NSDate+AppDotNet.m"; path = "Classes/NSDate+AppDotNet.m"; sourceTree = "<group>"; };
		940CE83215F27C08000140FB /* SPFeedPostTableViewCell.h */ = {isa = PBXFileReference; fileEncoding = 4; lastKnownFileType = sourcecode.c.h; name = SPFeedPostTableViewCell.h; path = Classes/SPFeedPostTableViewCell.h; sourceTree = "<group>"; };
		940CE83315F27C08000140FB /* SPFeedPostTableViewCell.m */ = {isa = PBXFileReference; fileEncoding = 4; lastKnownFileType = sourcecode.c.objc; name = SPFeedPostTableViewCell.m; path = Classes/SPFeedPostTableViewCell.m; sourceTree = "<group>"; };
		940CE83515F27DCD000140FB /* SPImageView.h */ = {isa = PBXFileReference; fileEncoding = 4; lastKnownFileType = sourcecode.c.h; name = SPImageView.h; path = Classes/SPImageView.h; sourceTree = "<group>"; };
		940CE83615F27DCD000140FB /* SPImageView.m */ = {isa = PBXFileReference; fileEncoding = 4; lastKnownFileType = sourcecode.c.objc; name = SPImageView.m; path = Classes/SPImageView.m; sourceTree = "<group>"; };
		940CE83815F27F19000140FB /* UIImage+Decode.h */ = {isa = PBXFileReference; fileEncoding = 4; lastKnownFileType = sourcecode.c.h; name = "UIImage+Decode.h"; path = "Classes/UIImage+Decode.h"; sourceTree = "<group>"; };
		940CE83915F27F19000140FB /* UIImage+Decode.m */ = {isa = PBXFileReference; fileEncoding = 4; lastKnownFileType = sourcecode.c.objc; name = "UIImage+Decode.m"; path = "Classes/UIImage+Decode.m"; sourceTree = "<group>"; };
		940CE83B15F28028000140FB /* SPImageLoadQueue.h */ = {isa = PBXFileReference; fileEncoding = 4; lastKnownFileType = sourcecode.c.h; name = SPImageLoadQueue.h; path = Classes/SPImageLoadQueue.h; sourceTree = "<group>"; };
		940CE83C15F28028000140FB /* SPImageLoadQueue.m */ = {isa = PBXFileReference; fileEncoding = 4; lastKnownFileType = sourcecode.c.objc; name = SPImageLoadQueue.m; path = Classes/SPImageLoadQueue.m; sourceTree = "<group>"; };
		940CE83E15F2803A000140FB /* SPImageDecodeQueue.h */ = {isa = PBXFileReference; fileEncoding = 4; lastKnownFileType = sourcecode.c.h; name = SPImageDecodeQueue.h; path = Classes/SPImageDecodeQueue.h; sourceTree = "<group>"; };
		940CE83F15F2803A000140FB /* SPImageDecodeQueue.m */ = {isa = PBXFileReference; fileEncoding = 4; lastKnownFileType = sourcecode.c.objc; name = SPImageDecodeQueue.m; path = Classes/SPImageDecodeQueue.m; sourceTree = "<group>"; };
		940CE84115F28053000140FB /* SPNetworkQueue.h */ = {isa = PBXFileReference; fileEncoding = 4; lastKnownFileType = sourcecode.c.h; name = SPNetworkQueue.h; path = Classes/SPNetworkQueue.h; sourceTree = "<group>"; };
		940CE84215F28053000140FB /* SPNetworkQueue.m */ = {isa = PBXFileReference; fileEncoding = 4; lastKnownFileType = sourcecode.c.objc; name = SPNetworkQueue.m; path = Classes/SPNetworkQueue.m; sourceTree = "<group>"; };
		940CE84B15F280E9000140FB /* SPSingleton.h */ = {isa = PBXFileReference; fileEncoding = 4; lastKnownFileType = sourcecode.c.h; path = SPSingleton.h; sourceTree = "<group>"; };
		940CE84C15F28C1E000140FB /* CoreText.framework */ = {isa = PBXFileReference; lastKnownFileType = wrapper.framework; name = CoreText.framework; path = System/Library/Frameworks/CoreText.framework; sourceTree = SDKROOT; };
		940CE85515F2B5E8000140FB /* avatar-overlay@2x.png */ = {isa = PBXFileReference; lastKnownFileType = image.png; path = "avatar-overlay@2x.png"; sourceTree = "<group>"; };
		940CE85715F2BC5B000140FB /* SPCoreTextView.h */ = {isa = PBXFileReference; fileEncoding = 4; lastKnownFileType = sourcecode.c.h; name = SPCoreTextView.h; path = Classes/SPCoreTextView.h; sourceTree = "<group>"; };
		940CE85815F2BC5B000140FB /* SPCoreTextView.m */ = {isa = PBXFileReference; fileEncoding = 4; lastKnownFileType = sourcecode.c.objc; name = SPCoreTextView.m; path = Classes/SPCoreTextView.m; sourceTree = "<group>"; };
		942709FB15F4571A00CA6CF7 /* NSURL+Spruce.h */ = {isa = PBXFileReference; fileEncoding = 4; lastKnownFileType = sourcecode.c.h; name = "NSURL+Spruce.h"; path = "Classes/NSURL+Spruce.h"; sourceTree = "<group>"; };
		942709FC15F4571A00CA6CF7 /* NSURL+Spruce.m */ = {isa = PBXFileReference; fileEncoding = 4; lastKnownFileType = sourcecode.c.objc; name = "NSURL+Spruce.m"; path = "Classes/NSURL+Spruce.m"; sourceTree = "<group>"; };
		947B2A2C15F300EE00E53429 /* UIView+Framing.h */ = {isa = PBXFileReference; fileEncoding = 4; lastKnownFileType = sourcecode.c.h; name = "UIView+Framing.h"; path = "Classes/UIView+Framing.h"; sourceTree = "<group>"; };
		947B2A2D15F300EE00E53429 /* UIView+Framing.m */ = {isa = PBXFileReference; fileEncoding = 4; lastKnownFileType = sourcecode.c.objc; name = "UIView+Framing.m"; path = "Classes/UIView+Framing.m"; sourceTree = "<group>"; };
		947B2A3315F31D6000E53429 /* SPWebViewController.h */ = {isa = PBXFileReference; fileEncoding = 4; lastKnownFileType = sourcecode.c.h; name = SPWebViewController.h; path = Classes/SPWebViewController.h; sourceTree = "<group>"; };
		947B2A3415F31D6000E53429 /* SPWebViewController.m */ = {isa = PBXFileReference; fileEncoding = 4; lastKnownFileType = sourcecode.c.objc; name = SPWebViewController.m; path = Classes/SPWebViewController.m; sourceTree = "<group>"; };
		947B2A3615F325FC00E53429 /* SPLinkedEntity.h */ = {isa = PBXFileReference; fileEncoding = 4; lastKnownFileType = sourcecode.c.h; name = SPLinkedEntity.h; path = Classes/SPLinkedEntity.h; sourceTree = "<group>"; };
		947B2A3715F325FC00E53429 /* SPLinkedEntity.m */ = {isa = PBXFileReference; fileEncoding = 4; lastKnownFileType = sourcecode.c.objc; name = SPLinkedEntity.m; path = Classes/SPLinkedEntity.m; sourceTree = "<group>"; };
		947B2A3915F3323B00E53429 /* SPDecodedImageCache.h */ = {isa = PBXFileReference; fileEncoding = 4; lastKnownFileType = sourcecode.c.h; name = SPDecodedImageCache.h; path = Classes/SPDecodedImageCache.h; sourceTree = "<group>"; };
		947B2A3A15F3323B00E53429 /* SPDecodedImageCache.m */ = {isa = PBXFileReference; fileEncoding = 4; lastKnownFileType = sourcecode.c.objc; name = SPDecodedImageCache.m; path = Classes/SPDecodedImageCache.m; sourceTree = "<group>"; };
		947B2A3C15F3359C00E53429 /* SPUserViewController.h */ = {isa = PBXFileReference; fileEncoding = 4; lastKnownFileType = sourcecode.c.h; name = SPUserViewController.h; path = Classes/SPUserViewController.h; sourceTree = "<group>"; };
		947B2A3D15F3359C00E53429 /* SPUserViewController.m */ = {isa = PBXFileReference; fileEncoding = 4; lastKnownFileType = sourcecode.c.objc; name = SPUserViewController.m; path = Classes/SPUserViewController.m; sourceTree = "<group>"; };
		947B2A3F15F337C700E53429 /* SPAvatarView.h */ = {isa = PBXFileReference; fileEncoding = 4; lastKnownFileType = sourcecode.c.h; name = SPAvatarView.h; path = Classes/SPAvatarView.h; sourceTree = "<group>"; };
		947B2A4015F337C700E53429 /* SPAvatarView.m */ = {isa = PBXFileReference; fileEncoding = 4; lastKnownFileType = sourcecode.c.objc; name = SPAvatarView.m; path = Classes/SPAvatarView.m; sourceTree = "<group>"; };
		947B2A4215F3AC2900E53429 /* bar-button-back@2x.png */ = {isa = PBXFileReference; lastKnownFileType = image.png; path = "bar-button-back@2x.png"; sourceTree = "<group>"; };
		947B2A4315F3AC2900E53429 /* bar-button-default@2x.png */ = {isa = PBXFileReference; lastKnownFileType = image.png; path = "bar-button-default@2x.png"; sourceTree = "<group>"; };
		947B2A4615F3B15600E53429 /* bar-glyph-feed@2x.png */ = {isa = PBXFileReference; lastKnownFileType = image.png; path = "bar-glyph-feed@2x.png"; sourceTree = "<group>"; };
		947B2A4A15F3B83D00E53429 /* bar-glyph-plus@2x.png */ = {isa = PBXFileReference; lastKnownFileType = image.png; path = "bar-glyph-plus@2x.png"; sourceTree = "<group>"; };
		947B2A4C15F3B88500E53429 /* UIBarButtonItem+Quick.h */ = {isa = PBXFileReference; fileEncoding = 4; lastKnownFileType = sourcecode.c.h; name = "UIBarButtonItem+Quick.h"; path = "Classes/UIBarButtonItem+Quick.h"; sourceTree = "<group>"; };
		947B2A4D15F3B88500E53429 /* UIBarButtonItem+Quick.m */ = {isa = PBXFileReference; fileEncoding = 4; lastKnownFileType = sourcecode.c.objc; name = "UIBarButtonItem+Quick.m"; path = "Classes/UIBarButtonItem+Quick.m"; sourceTree = "<group>"; };
		947B2A4F15F3BBEB00E53429 /* SPComposeViewController.h */ = {isa = PBXFileReference; fileEncoding = 4; lastKnownFileType = sourcecode.c.h; name = SPComposeViewController.h; path = Classes/SPComposeViewController.h; sourceTree = "<group>"; };
		947B2A5015F3BBEB00E53429 /* SPComposeViewController.m */ = {isa = PBXFileReference; fileEncoding = 4; lastKnownFileType = sourcecode.c.objc; name = SPComposeViewController.m; path = Classes/SPComposeViewController.m; sourceTree = "<group>"; };
		947B2A5215F3DC7F00E53429 /* SPPullToRefreshView.h */ = {isa = PBXFileReference; fileEncoding = 4; lastKnownFileType = sourcecode.c.h; name = SPPullToRefreshView.h; path = Classes/SPPullToRefreshView.h; sourceTree = "<group>"; };
		947B2A5315F3DC7F00E53429 /* SPPullToRefreshView.m */ = {isa = PBXFileReference; fileEncoding = 4; lastKnownFileType = sourcecode.c.objc; name = SPPullToRefreshView.m; path = Classes/SPPullToRefreshView.m; sourceTree = "<group>"; };
		947B2A5515F3E2F300E53429 /* QuartzCore.framework */ = {isa = PBXFileReference; lastKnownFileType = wrapper.framework; name = QuartzCore.framework; path = System/Library/Frameworks/QuartzCore.framework; sourceTree = SDKROOT; };
		947B2A6015F40A0100E53429 /* SPConstants.h */ = {isa = PBXFileReference; fileEncoding = 4; lastKnownFileType = sourcecode.c.h; path = SPConstants.h; sourceTree = "<group>"; };
		947B2A6515F43B4900E53429 /* NSMutableAttributedString+Attributes.h */ = {isa = PBXFileReference; fileEncoding = 4; lastKnownFileType = sourcecode.c.h; name = "NSMutableAttributedString+Attributes.h"; path = "Classes/NSMutableAttributedString+Attributes.h"; sourceTree = "<group>"; };
		947B2A6615F43B4900E53429 /* NSMutableAttributedString+Attributes.m */ = {isa = PBXFileReference; fileEncoding = 4; lastKnownFileType = sourcecode.c.objc; name = "NSMutableAttributedString+Attributes.m"; path = "Classes/NSMutableAttributedString+Attributes.m"; sourceTree = "<group>"; };
		947B2A6915F441BC00E53429 /* NSMutableAttributedString+Spruce.h */ = {isa = PBXFileReference; fileEncoding = 4; lastKnownFileType = sourcecode.c.h; name = "NSMutableAttributedString+Spruce.h"; path = "Classes/NSMutableAttributedString+Spruce.h"; sourceTree = "<group>"; };
		947B2A6A15F441BD00E53429 /* NSMutableAttributedString+Spruce.m */ = {isa = PBXFileReference; fileEncoding = 4; lastKnownFileType = sourcecode.c.objc; name = "NSMutableAttributedString+Spruce.m"; path = "Classes/NSMutableAttributedString+Spruce.m"; sourceTree = "<group>"; };
/* End PBXFileReference section */

/* Begin PBXFrameworksBuildPhase section */
		940CE7EF15F261A6000140FB /* Frameworks */ = {
			isa = PBXFrameworksBuildPhase;
			buildActionMask = 2147483647;
			files = (
				947B2A5615F3E2F300E53429 /* QuartzCore.framework in Frameworks */,
				940CE7F715F261A6000140FB /* UIKit.framework in Frameworks */,
				940CE7F915F261A6000140FB /* Foundation.framework in Frameworks */,
				940CE7FB15F261A6000140FB /* CoreGraphics.framework in Frameworks */,
				940CE84D15F28C1F000140FB /* CoreText.framework in Frameworks */,
			);
			runOnlyForDeploymentPostprocessing = 0;
		};
/* End PBXFrameworksBuildPhase section */

/* Begin PBXGroup section */
		940CE7E715F261A6000140FB = {
			isa = PBXGroup;
			children = (
				940CE7FC15F261A7000140FB /* Spruce */,
				940CE7F515F261A6000140FB /* Frameworks */,
				940CE7F315F261A6000140FB /* Products */,
			);
			sourceTree = "<group>";
		};
		940CE7F315F261A6000140FB /* Products */ = {
			isa = PBXGroup;
			children = (
				940CE7F215F261A6000140FB /* Spruce.app */,
			);
			name = Products;
			sourceTree = "<group>";
		};
		940CE7F515F261A6000140FB /* Frameworks */ = {
			isa = PBXGroup;
			children = (
				947B2A5515F3E2F300E53429 /* QuartzCore.framework */,
				940CE84C15F28C1E000140FB /* CoreText.framework */,
				940CE7F615F261A6000140FB /* UIKit.framework */,
				940CE7F815F261A6000140FB /* Foundation.framework */,
				940CE7FA15F261A6000140FB /* CoreGraphics.framework */,
			);
			name = Frameworks;
			sourceTree = "<group>";
		};
		940CE7FC15F261A7000140FB /* Spruce */ = {
			isa = PBXGroup;
			children = (
				947B2A6015F40A0100E53429 /* SPConstants.h */,
				940CE80D15F2641C000140FB /* SPAppDelegate.h */,
				940CE80E15F2641C000140FB /* SPAppDelegate.m */,
				940CE84815F28094000140FB /* View Controllers */,
				940CE84915F280A2000140FB /* Views */,
				940CE84715F28081000140FB /* Models */,
				940CE84E15F292A9000140FB /* Helpers */,
				940CE84615F28075000140FB /* Categories */,
				940CE84415F2805B000140FB /* Queues */,
				947B2A2F15F30CE400E53429 /* Caches */,
				940CE84515F28064000140FB /* Vendor */,
				940CE81015F2642F000140FB /* Images */,
				940CE81315F26535000140FB /* Fonts */,
				940CE7FD15F261A7000140FB /* Supporting Files */,
			);
			path = Spruce;
			sourceTree = "<group>";
		};
		940CE7FD15F261A7000140FB /* Supporting Files */ = {
			isa = PBXGroup;
			children = (
				940CE7FE15F261A7000140FB /* Spruce-Info.plist */,
				940CE7FF15F261A7000140FB /* InfoPlist.strings */,
				940CE80215F261A7000140FB /* main.m */,
				940CE80415F261A7000140FB /* Spruce-Prefix.pch */,
				940CE84B15F280E9000140FB /* SPSingleton.h */,
			);
			name = "Supporting Files";
			sourceTree = "<group>";
		};
		940CE81015F2642F000140FB /* Images */ = {
			isa = PBXGroup;
			children = (
				940CE85515F2B5E8000140FB /* avatar-overlay@2x.png */,
				947B2A4215F3AC2900E53429 /* bar-button-back@2x.png */,
				947B2A4315F3AC2900E53429 /* bar-button-default@2x.png */,
				947B2A4615F3B15600E53429 /* bar-glyph-feed@2x.png */,
				947B2A4A15F3B83D00E53429 /* bar-glyph-plus@2x.png */,
				940CE81115F2642F000140FB /* navbar-bg@2x.png */,
			);
			path = Images;
			sourceTree = "<group>";
		};
		940CE81315F26535000140FB /* Fonts */ = {
			isa = PBXGroup;
			children = (
				940CE81415F26535000140FB /* Knockout-50.otf */,
			);
			name = Fonts;
			path = Spruce/Fonts;
			sourceTree = SOURCE_ROOT;
		};
		940CE84415F2805B000140FB /* Queues */ = {
			isa = PBXGroup;
			children = (
				940CE83B15F28028000140FB /* SPImageLoadQueue.h */,
				940CE83C15F28028000140FB /* SPImageLoadQueue.m */,
				940CE83E15F2803A000140FB /* SPImageDecodeQueue.h */,
				940CE83F15F2803A000140FB /* SPImageDecodeQueue.m */,
				940CE84115F28053000140FB /* SPNetworkQueue.h */,
				940CE84215F28053000140FB /* SPNetworkQueue.m */,
			);
			name = Queues;
			sourceTree = "<group>";
		};
		940CE84515F28064000140FB /* Vendor */ = {
			isa = PBXGroup;
			children = (
				940CE82315F26D92000140FB /* JSONKit.h */,
				940CE82415F26D93000140FB /* JSONKit.m */,
			);
			name = Vendor;
			sourceTree = "<group>";
		};
		940CE84615F28075000140FB /* Categories */ = {
			isa = PBXGroup;
			children = (
				940CE82015F26AF7000140FB /* NSURL+AppDotNet.h */,
				940CE82115F26AF7000140FB /* NSURL+AppDotNet.m */,
				942709FB15F4571A00CA6CF7 /* NSURL+Spruce.h */,
				942709FC15F4571A00CA6CF7 /* NSURL+Spruce.m */,
				940CE82915F2721B000140FB /* NSDictionary+Safe.h */,
				940CE82A15F2721B000140FB /* NSDictionary+Safe.m */,
				940CE82F15F2784F000140FB /* NSDate+AppDotNet.h */,
				940CE83015F2784F000140FB /* NSDate+AppDotNet.m */,
				940CE83815F27F19000140FB /* UIImage+Decode.h */,
				940CE83915F27F19000140FB /* UIImage+Decode.m */,
				947B2A2C15F300EE00E53429 /* UIView+Framing.h */,
				947B2A2D15F300EE00E53429 /* UIView+Framing.m */,
				947B2A4C15F3B88500E53429 /* UIBarButtonItem+Quick.h */,
				947B2A4D15F3B88500E53429 /* UIBarButtonItem+Quick.m */,
				947B2A6515F43B4900E53429 /* NSMutableAttributedString+Attributes.h */,
				947B2A6615F43B4900E53429 /* NSMutableAttributedString+Attributes.m */,
				947B2A6915F441BC00E53429 /* NSMutableAttributedString+Spruce.h */,
				947B2A6A15F441BD00E53429 /* NSMutableAttributedString+Spruce.m */,
			);
			name = Categories;
			sourceTree = "<group>";
		};
		940CE84715F28081000140FB /* Models */ = {
			isa = PBXGroup;
			children = (
				940CE82C15F274E5000140FB /* SPUser.h */,
				940CE82D15F274E5000140FB /* SPUser.m */,
				940CE82615F27014000140FB /* SPPost.h */,
				940CE82715F27014000140FB /* SPPost.m */,
				947B2A3615F325FC00E53429 /* SPLinkedEntity.h */,
				947B2A3715F325FC00E53429 /* SPLinkedEntity.m */,
			);
			name = Models;
			sourceTree = "<group>";
		};
		940CE84815F28094000140FB /* View Controllers */ = {
			isa = PBXGroup;
			children = (
				940CE81D15F267D2000140FB /* SPViewController.h */,
				940CE81E15F267D2000140FB /* SPViewController.m */,
				940CE81A15F2671B000140FB /* SPFeedViewController.h */,
				940CE81B15F2671B000140FB /* SPFeedViewController.m */,
				947B2A3C15F3359C00E53429 /* SPUserViewController.h */,
				947B2A3D15F3359C00E53429 /* SPUserViewController.m */,
				947B2A4F15F3BBEB00E53429 /* SPComposeViewController.h */,
				947B2A5015F3BBEB00E53429 /* SPComposeViewController.m */,
				947B2A3315F31D6000E53429 /* SPWebViewController.h */,
				947B2A3415F31D6000E53429 /* SPWebViewController.m */,
			);
			name = "View Controllers";
			sourceTree = "<group>";
		};
		940CE84915F280A2000140FB /* Views */ = {
			isa = PBXGroup;
			children = (
				940CE83215F27C08000140FB /* SPFeedPostTableViewCell.h */,
				940CE83315F27C08000140FB /* SPFeedPostTableViewCell.m */,
				940CE85715F2BC5B000140FB /* SPCoreTextView.h */,
				940CE85815F2BC5B000140FB /* SPCoreTextView.m */,
				940CE83515F27DCD000140FB /* SPImageView.h */,
				940CE83615F27DCD000140FB /* SPImageView.m */,
				947B2A3F15F337C700E53429 /* SPAvatarView.h */,
				947B2A4015F337C700E53429 /* SPAvatarView.m */,
				947B2A5215F3DC7F00E53429 /* SPPullToRefreshView.h */,
				947B2A5315F3DC7F00E53429 /* SPPullToRefreshView.m */,
			);
			name = Views;
			sourceTree = "<group>";
		};
		940CE84E15F292A9000140FB /* Helpers */ = {
			isa = PBXGroup;
			children = (
			);
			name = Helpers;
			sourceTree = "<group>";
		};
		947B2A2F15F30CE400E53429 /* Caches */ = {
			isa = PBXGroup;
			children = (
				947B2A3915F3323B00E53429 /* SPDecodedImageCache.h */,
				947B2A3A15F3323B00E53429 /* SPDecodedImageCache.m */,
			);
			name = Caches;
			sourceTree = "<group>";
		};
/* End PBXGroup section */

/* Begin PBXNativeTarget section */
		940CE7F115F261A6000140FB /* Spruce */ = {
			isa = PBXNativeTarget;
			buildConfigurationList = 940CE80A15F261A7000140FB /* Build configuration list for PBXNativeTarget "Spruce" */;
			buildPhases = (
				940CE7EE15F261A6000140FB /* Sources */,
				940CE7EF15F261A6000140FB /* Frameworks */,
				940CE7F015F261A6000140FB /* Resources */,
			);
			buildRules = (
			);
			dependencies = (
			);
			name = Spruce;
			productName = Spruce;
			productReference = 940CE7F215F261A6000140FB /* Spruce.app */;
			productType = "com.apple.product-type.application";
		};
/* End PBXNativeTarget section */

/* Begin PBXProject section */
		940CE7E915F261A6000140FB /* Project object */ = {
			isa = PBXProject;
			attributes = {
				CLASSPREFIX = SP;
				LastUpgradeCheck = 0440;
				ORGANIZATIONNAME = "Ryan Gomba";
			};
			buildConfigurationList = 940CE7EC15F261A6000140FB /* Build configuration list for PBXProject "Spruce" */;
			compatibilityVersion = "Xcode 3.2";
			developmentRegion = English;
			hasScannedForEncodings = 0;
			knownRegions = (
				en,
			);
			mainGroup = 940CE7E715F261A6000140FB;
			productRefGroup = 940CE7F315F261A6000140FB /* Products */;
			projectDirPath = "";
			projectRoot = "";
			targets = (
				940CE7F115F261A6000140FB /* Spruce */,
			);
		};
/* End PBXProject section */

/* Begin PBXResourcesBuildPhase section */
		940CE7F015F261A6000140FB /* Resources */ = {
			isa = PBXResourcesBuildPhase;
			buildActionMask = 2147483647;
			files = (
				940CE80115F261A7000140FB /* InfoPlist.strings in Resources */,
				940CE81215F2642F000140FB /* navbar-bg@2x.png in Resources */,
				940CE81515F26535000140FB /* Knockout-50.otf in Resources */,
				940CE85615F2B5E8000140FB /* avatar-overlay@2x.png in Resources */,
				947B2A4415F3AC2900E53429 /* bar-button-back@2x.png in Resources */,
				947B2A4515F3AC2900E53429 /* bar-button-default@2x.png in Resources */,
				947B2A4815F3B15600E53429 /* bar-glyph-feed@2x.png in Resources */,
				947B2A4B15F3B83D00E53429 /* bar-glyph-plus@2x.png in Resources */,
			);
			runOnlyForDeploymentPostprocessing = 0;
		};
/* End PBXResourcesBuildPhase section */

/* Begin PBXSourcesBuildPhase section */
		940CE7EE15F261A6000140FB /* Sources */ = {
			isa = PBXSourcesBuildPhase;
			buildActionMask = 2147483647;
			files = (
				940CE80315F261A7000140FB /* main.m in Sources */,
				940CE80F15F2641C000140FB /* SPAppDelegate.m in Sources */,
				940CE81C15F2671B000140FB /* SPFeedViewController.m in Sources */,
				940CE81F15F267D2000140FB /* SPViewController.m in Sources */,
				940CE82215F26AF7000140FB /* NSURL+AppDotNet.m in Sources */,
				940CE82515F26D93000140FB /* JSONKit.m in Sources */,
				940CE82815F27014000140FB /* SPPost.m in Sources */,
				940CE82B15F2721B000140FB /* NSDictionary+Safe.m in Sources */,
				940CE82E15F274E5000140FB /* SPUser.m in Sources */,
				940CE83115F2784F000140FB /* NSDate+AppDotNet.m in Sources */,
				940CE83415F27C09000140FB /* SPFeedPostTableViewCell.m in Sources */,
				940CE83715F27DCD000140FB /* SPImageView.m in Sources */,
				940CE83A15F27F1A000140FB /* UIImage+Decode.m in Sources */,
				940CE83D15F28029000140FB /* SPImageLoadQueue.m in Sources */,
				940CE84015F2803B000140FB /* SPImageDecodeQueue.m in Sources */,
				940CE84315F28054000140FB /* SPNetworkQueue.m in Sources */,
				940CE85915F2BC5B000140FB /* SPCoreTextView.m in Sources */,
				947B2A2E15F300EE00E53429 /* UIView+Framing.m in Sources */,
				947B2A3515F31D6000E53429 /* SPWebViewController.m in Sources */,
				947B2A3815F325FC00E53429 /* SPLinkedEntity.m in Sources */,
				947B2A3B15F3323B00E53429 /* SPDecodedImageCache.m in Sources */,
				947B2A3E15F3359C00E53429 /* SPUserViewController.m in Sources */,
				947B2A4115F337C700E53429 /* SPAvatarView.m in Sources */,
				947B2A4E15F3B88500E53429 /* UIBarButtonItem+Quick.m in Sources */,
				947B2A5115F3BBEB00E53429 /* SPComposeViewController.m in Sources */,
				947B2A5415F3DC8000E53429 /* SPPullToRefreshView.m in Sources */,
				947B2A6715F43B4900E53429 /* NSMutableAttributedString+Attributes.m in Sources */,
				947B2A6B15F441BD00E53429 /* NSMutableAttributedString+Spruce.m in Sources */,
				942709FD15F4571A00CA6CF7 /* NSURL+Spruce.m in Sources */,
			);
			runOnlyForDeploymentPostprocessing = 0;
		};
/* End PBXSourcesBuildPhase section */

/* Begin PBXVariantGroup section */
		940CE7FF15F261A7000140FB /* InfoPlist.strings */ = {
			isa = PBXVariantGroup;
			children = (
				940CE80015F261A7000140FB /* en */,
			);
			name = InfoPlist.strings;
			sourceTree = "<group>";
		};
/* End PBXVariantGroup section */

/* Begin XCBuildConfiguration section */
		940CE80815F261A7000140FB /* Debug */ = {
			isa = XCBuildConfiguration;
			buildSettings = {
				ALWAYS_SEARCH_USER_PATHS = NO;
				ARCHS = "$(ARCHS_STANDARD_32_BIT)";
				CLANG_CXX_LANGUAGE_STANDARD = "gnu++0x";
				CLANG_ENABLE_OBJC_ARC = YES;
				CLANG_WARN__DUPLICATE_METHOD_MATCH = YES;
				"CODE_SIGN_IDENTITY[sdk=iphoneos*]" = "iPhone Developer";
				COPY_PHASE_STRIP = NO;
				GCC_C_LANGUAGE_STANDARD = gnu99;
				GCC_DYNAMIC_NO_PIC = NO;
				GCC_OPTIMIZATION_LEVEL = 0;
				GCC_PREPROCESSOR_DEFINITIONS = (
					"DEBUG=1",
					"$(inherited)",
				);
				GCC_SYMBOLS_PRIVATE_EXTERN = NO;
				GCC_VERSION = com.apple.compilers.llvm.clang.1_0;
				GCC_WARN_ABOUT_RETURN_TYPE = YES;
				GCC_WARN_UNINITIALIZED_AUTOS = YES;
				GCC_WARN_UNUSED_VARIABLE = YES;
				IPHONEOS_DEPLOYMENT_TARGET = 5.1;
				SDKROOT = iphoneos;
			};
			name = Debug;
		};
		940CE80915F261A7000140FB /* Release */ = {
			isa = XCBuildConfiguration;
			buildSettings = {
				ALWAYS_SEARCH_USER_PATHS = NO;
				ARCHS = "$(ARCHS_STANDARD_32_BIT)";
				CLANG_CXX_LANGUAGE_STANDARD = "gnu++0x";
				CLANG_ENABLE_OBJC_ARC = YES;
				CLANG_WARN__DUPLICATE_METHOD_MATCH = YES;
				"CODE_SIGN_IDENTITY[sdk=iphoneos*]" = "iPhone Developer";
				COPY_PHASE_STRIP = YES;
				GCC_C_LANGUAGE_STANDARD = gnu99;
				GCC_VERSION = com.apple.compilers.llvm.clang.1_0;
				GCC_WARN_ABOUT_RETURN_TYPE = YES;
				GCC_WARN_UNINITIALIZED_AUTOS = YES;
				GCC_WARN_UNUSED_VARIABLE = YES;
				IPHONEOS_DEPLOYMENT_TARGET = 5.1;
				OTHER_CFLAGS = "-DNS_BLOCK_ASSERTIONS=1";
				SDKROOT = iphoneos;
				VALIDATE_PRODUCT = YES;
			};
			name = Release;
		};
		940CE80B15F261A7000140FB /* Debug */ = {
			isa = XCBuildConfiguration;
			buildSettings = {
				GCC_PRECOMPILE_PREFIX_HEADER = YES;
				GCC_PREFIX_HEADER = "Spruce/Spruce-Prefix.pch";
				INFOPLIST_FILE = "Spruce/Spruce-Info.plist";
				PRODUCT_NAME = "$(TARGET_NAME)";
				WRAPPER_EXTENSION = app;
			};
			name = Debug;
		};
		940CE80C15F261A7000140FB /* Release */ = {
			isa = XCBuildConfiguration;
			buildSettings = {
				GCC_PRECOMPILE_PREFIX_HEADER = YES;
				GCC_PREFIX_HEADER = "Spruce/Spruce-Prefix.pch";
				INFOPLIST_FILE = "Spruce/Spruce-Info.plist";
				PRODUCT_NAME = "$(TARGET_NAME)";
				WRAPPER_EXTENSION = app;
			};
			name = Release;
		};
/* End XCBuildConfiguration section */

/* Begin XCConfigurationList section */
		940CE7EC15F261A6000140FB /* Build configuration list for PBXProject "Spruce" */ = {
			isa = XCConfigurationList;
			buildConfigurations = (
				940CE80815F261A7000140FB /* Debug */,
				940CE80915F261A7000140FB /* Release */,
			);
			defaultConfigurationIsVisible = 0;
			defaultConfigurationName = Release;
		};
		940CE80A15F261A7000140FB /* Build configuration list for PBXNativeTarget "Spruce" */ = {
			isa = XCConfigurationList;
			buildConfigurations = (
				940CE80B15F261A7000140FB /* Debug */,
				940CE80C15F261A7000140FB /* Release */,
			);
			defaultConfigurationIsVisible = 0;
			defaultConfigurationName = Release;
		};
/* End XCConfigurationList section */
	};
	rootObject = 940CE7E915F261A6000140FB /* Project object */;
}
